
Microsoft Visual Studio Solution File, Format Version 12.00
# Visual Studio Version 17
VisualStudioVersion = 17.0.31903.59
MinimumVisualStudioVersion = 10.0.40219.1
Project("{FAE04EC0-301F-11D3-BF4B-00C04F79EFBC}") = "Sudoku.Backtracking", "Sudoku.Backtracking\Sudoku.Backtracking.csproj", "{F7931A62-6D56-48F4-915F-80DA7A05E382}"
EndProject
Project("{FAE04EC0-301F-11D3-BF4B-00C04F79EFBC}") = "Sudoku.Benchmark", "Sudoku.Benchmark\Sudoku.Benchmark.csproj", "{7A71DAA1-231F-4122-A7F0-BBB3358F3701}"
EndProject
Project("{FAE04EC0-301F-11D3-BF4B-00C04F79EFBC}") = "Solver.PythonSolverAimaCSP", "Solver.PythonSolverAimaCSP\Solver.PythonSolverAimaCSP.csproj", "{20000AD1-C578-4DE9-A847-1D17D43370AF}"
EndProject
Project("{FAE04EC0-301F-11D3-BF4B-00C04F79EFBC}") = "Sudoku.Shared", "Sudoku.Shared\Sudoku.Shared.csproj", "{FA1F5A1A-B3F0-4107-A42D-17D0F9359E27}"
EndProject
Project("{FAE04EC0-301F-11D3-BF4B-00C04F79EFBC}") = "ProjectTestSolver", "ProjectTestSolver\ProjectTestSolver.csproj", "{ABB783F0-4699-4E97-91E5-BD121FC881D1}"
EndProject
Project("{FAE04EC0-301F-11D3-BF4B-00C04F79EFBC}") = "Sudoku.GraphProba", "Sudoku.GraphProba\Sudoku.GraphProba.csproj", "{DDD1F0C1-2C7D-435B-810A-EAA9BF7DB958}"
EndProject
Project("{FAE04EC0-301F-11D3-BF4B-00C04F79EFBC}") = "Sudoku.SolverCSPAIMA", "SolverCSPAIMA\Sudoku.SolverCSPAIMA.csproj", "{F082ABBF-7CA9-43F4-9D2D-2924ABB7A963}"
EndProject
Project("{FAE04EC0-301F-11D3-BF4B-00C04F79EFBC}") = "Sudoku.NeuralNetworkCSharp", "Sudoku.NeuralNetworkCSharp\Sudoku.NeuralNetworkCSharp.csproj", "{A72EA3B9-BF7D-49EA-BBE2-887FD30A92A4}"
EndProject
Project("{FAE04EC0-301F-11D3-BF4B-00C04F79EFBC}") = "Sudoku.HumanSolvers", "Sudoku.HumanSolvers\Sudoku.HumanSolvers.csproj", "{FC0E0BB0-A954-4F7B-A04F-72B8C0853F5E}"
EndProject
Project("{FAE04EC0-301F-11D3-BF4B-00C04F79EFBC}") = "Sudoku.Z3Solvers", "Sudoku.Z3Solvers\Sudoku.Z3Solvers.csproj", "{AFE9851B-EC45-4A07-96EA-177E92E00673}"
EndProject
Project("{FAE04EC0-301F-11D3-BF4B-00C04F79EFBC}") = "Sudoku.ORTools", "Sudoku.ORTools\Sudoku.ORTools.csproj", "{E1ABBE4A-4FF0-4246-B1C5-C92544ADEFFA}"
EndProject
Project("{FAE04EC0-301F-11D3-BF4B-00C04F79EFBC}") = "Sudoku.ResolutionNeuronne", "Sudoku.ResolutionNeuronne\Sudoku.ResolutionNeuronne.csproj", "{9D3A2AF7-F814-4D5F-AB38-897D16F05315}"
EndProject
Project("{FAE04EC0-301F-11D3-BF4B-00C04F79EFBC}") = "Sudoku.Sujet5Solver", "Sudoku.Sujet5Solver\Sudoku.Sujet5Solver.csproj", "{1F7B9F7F-AF2B-494E-B7C4-CB3BA1089EF9}"
EndProject
Global
	GlobalSection(SolutionConfigurationPlatforms) = preSolution
		Debug|Any CPU = Debug|Any CPU
		Release|Any CPU = Release|Any CPU
	EndGlobalSection

	GlobalSection(ProjectConfigurationPlatforms) = postSolution
		{875F71B2-99ED-4366-9C28-E5FFB5B5AA41}.Debug|Any CPU.ActiveCfg = Debug|Any CPU
		{875F71B2-99ED-4366-9C28-E5FFB5B5AA41}.Debug|Any CPU.Build.0 = Debug|Any CPU
		{875F71B2-99ED-4366-9C28-E5FFB5B5AA41}.Release|Any CPU.ActiveCfg = Release|Any CPU
		{875F71B2-99ED-4366-9C28-E5FFB5B5AA41}.Release|Any CPU.Build.0 = Release|Any CPU
		{3F6D87E5-3288-46C4-B192-F91D5FBB075B}.Debug|Any CPU.ActiveCfg = Debug|Any CPU
		{3F6D87E5-3288-46C4-B192-F91D5FBB075B}.Debug|Any CPU.Build.0 = Debug|Any CPU
		{3F6D87E5-3288-46C4-B192-F91D5FBB075B}.Release|Any CPU.ActiveCfg = Release|Any CPU
		{3F6D87E5-3288-46C4-B192-F91D5FBB075B}.Release|Any CPU.Build.0 = Release|Any CPU
		{1C50AE77-2CE9-4BD8-ADFE-3C3A255FFC78}.Debug|Any CPU.ActiveCfg = Debug|Any CPU
		{1C50AE77-2CE9-4BD8-ADFE-3C3A255FFC78}.Debug|Any CPU.Build.0 = Debug|Any CPU
		{1C50AE77-2CE9-4BD8-ADFE-3C3A255FFC78}.Release|Any CPU.ActiveCfg = Release|Any CPU
		{1C50AE77-2CE9-4BD8-ADFE-3C3A255FFC78}.Release|Any CPU.Build.0 = Release|Any CPU
		{ABB783F0-4699-4E97-91E5-BD121FC881D1}.Debug|Any CPU.ActiveCfg = Debug|Any CPU
		{ABB783F0-4699-4E97-91E5-BD121FC881D1}.Debug|Any CPU.Build.0 = Debug|Any CPU
		{ABB783F0-4699-4E97-91E5-BD121FC881D1}.Release|Any CPU.ActiveCfg = Release|Any CPU
		{ABB783F0-4699-4E97-91E5-BD121FC881D1}.Release|Any CPU.Build.0 = Release|Any CPU
		{DDD1F0C1-2C7D-435B-810A-EAA9BF7DB958}.Debug|Any CPU.ActiveCfg = Debug|Any CPU
		{DDD1F0C1-2C7D-435B-810A-EAA9BF7DB958}.Debug|Any CPU.Build.0 = Debug|Any CPU
		{DDD1F0C1-2C7D-435B-810A-EAA9BF7DB958}.Release|Any CPU.ActiveCfg = Release|Any CPU
		{DDD1F0C1-2C7D-435B-810A-EAA9BF7DB958}.Release|Any CPU.Build.0 = Release|Any CPU
		{F082ABBF-7CA9-43F4-9D2D-2924ABB7A963}.Debug|Any CPU.ActiveCfg = Debug|Any CPU
		{F082ABBF-7CA9-43F4-9D2D-2924ABB7A963}.Debug|Any CPU.Build.0 = Debug|Any CPU
		{F082ABBF-7CA9-43F4-9D2D-2924ABB7A963}.Release|Any CPU.ActiveCfg = Release|Any CPU
		{F082ABBF-7CA9-43F4-9D2D-2924ABB7A963}.Release|Any CPU.Build.0 = Release|Any CPU
		{A72EA3B9-BF7D-49EA-BBE2-887FD30A92A4}.Debug|Any CPU.ActiveCfg = Debug|Any CPU
		{A72EA3B9-BF7D-49EA-BBE2-887FD30A92A4}.Debug|Any CPU.Build.0 = Debug|Any CPU
		{A72EA3B9-BF7D-49EA-BBE2-887FD30A92A4}.Release|Any CPU.ActiveCfg = Release|Any CPU
		{A72EA3B9-BF7D-49EA-BBE2-887FD30A92A4}.Release|Any CPU.Build.0 = Release|Any CPU
		{FC0E0BB0-A954-4F7B-A04F-72B8C0853F5E}.Debug|Any CPU.ActiveCfg = Debug|Any CPU
		{FC0E0BB0-A954-4F7B-A04F-72B8C0853F5E}.Debug|Any CPU.Build.0 = Debug|Any CPU
		{FC0E0BB0-A954-4F7B-A04F-72B8C0853F5E}.Release|Any CPU.ActiveCfg = Release|Any CPU
		{FC0E0BB0-A954-4F7B-A04F-72B8C0853F5E}.Release|Any CPU.Build.0 = Release|Any CPU
		{AFE9851B-EC45-4A07-96EA-177E92E00673}.Debug|Any CPU.ActiveCfg = Debug|Any CPU
		{AFE9851B-EC45-4A07-96EA-177E92E00673}.Debug|Any CPU.Build.0 = Debug|Any CPU
		{AFE9851B-EC45-4A07-96EA-177E92E00673}.Release|Any CPU.ActiveCfg = Release|Any CPU
		{AFE9851B-EC45-4A07-96EA-177E92E00673}.Release|Any CPU.Build.0 = Release|Any CPU
		{E1ABBE4A-4FF0-4246-B1C5-C92544ADEFFA}.Debug|Any CPU.ActiveCfg = Debug|Any CPU
		{E1ABBE4A-4FF0-4246-B1C5-C92544ADEFFA}.Debug|Any CPU.Build.0 = Debug|Any CPU
		{E1ABBE4A-4FF0-4246-B1C5-C92544ADEFFA}.Release|Any CPU.ActiveCfg = Release|Any CPU
		{E1ABBE4A-4FF0-4246-B1C5-C92544ADEFFA}.Release|Any CPU.Build.0 = Release|Any CPU
		{9D3A2AF7-F814-4D5F-AB38-897D16F05315}.Debug|Any CPU.ActiveCfg = Debug|Any CPU
		{9D3A2AF7-F814-4D5F-AB38-897D16F05315}.Debug|Any CPU.Build.0 = Debug|Any CPU
		{9D3A2AF7-F814-4D5F-AB38-897D16F05315}.Release|Any CPU.ActiveCfg = Release|Any CPU
		{9D3A2AF7-F814-4D5F-AB38-897D16F05315}.Release|Any CPU.Build.0 = Release|Any CPU
		{1F7B9F7F-AF2B-494E-B7C4-CB3BA1089EF9}.Debug|Any CPU.ActiveCfg = Debug|Any CPU
		{1F7B9F7F-AF2B-494E-B7C4-CB3BA1089EF9}.Debug|Any CPU.Build.0 = Debug|Any CPU
		{1F7B9F7F-AF2B-494E-B7C4-CB3BA1089EF9}.Release|Any CPU.ActiveCfg = Release|Any CPU
		{1F7B9F7F-AF2B-494E-B7C4-CB3BA1089EF9}.Release|Any CPU.Build.0 = Release|Any CPU
	EndGlobalSection
	GlobalSection(SolutionProperties) = preSolution
		HideSolutionNode = FALSE
	EndGlobalSection
	GlobalSection(ProjectConfigurationPlatforms) = postSolution
		{F7931A62-6D56-48F4-915F-80DA7A05E382}.Debug|Any CPU.ActiveCfg = Debug|Any CPU
		{F7931A62-6D56-48F4-915F-80DA7A05E382}.Debug|Any CPU.Build.0 = Debug|Any CPU
		{F7931A62-6D56-48F4-915F-80DA7A05E382}.Release|Any CPU.ActiveCfg = Release|Any CPU
		{F7931A62-6D56-48F4-915F-80DA7A05E382}.Release|Any CPU.Build.0 = Release|Any CPU
		{7A71DAA1-231F-4122-A7F0-BBB3358F3701}.Debug|Any CPU.ActiveCfg = Debug|Any CPU
		{7A71DAA1-231F-4122-A7F0-BBB3358F3701}.Debug|Any CPU.Build.0 = Debug|Any CPU
		{7A71DAA1-231F-4122-A7F0-BBB3358F3701}.Release|Any CPU.ActiveCfg = Release|Any CPU
		{7A71DAA1-231F-4122-A7F0-BBB3358F3701}.Release|Any CPU.Build.0 = Release|Any CPU
		{20000AD1-C578-4DE9-A847-1D17D43370AF}.Debug|Any CPU.ActiveCfg = Debug|Any CPU
		{20000AD1-C578-4DE9-A847-1D17D43370AF}.Debug|Any CPU.Build.0 = Debug|Any CPU
		{20000AD1-C578-4DE9-A847-1D17D43370AF}.Release|Any CPU.ActiveCfg = Release|Any CPU
		{20000AD1-C578-4DE9-A847-1D17D43370AF}.Release|Any CPU.Build.0 = Release|Any CPU
		{FA1F5A1A-B3F0-4107-A42D-17D0F9359E27}.Debug|Any CPU.ActiveCfg = Debug|Any CPU
		{FA1F5A1A-B3F0-4107-A42D-17D0F9359E27}.Debug|Any CPU.Build.0 = Debug|Any CPU
		{FA1F5A1A-B3F0-4107-A42D-17D0F9359E27}.Release|Any CPU.ActiveCfg = Release|Any CPU
		{FA1F5A1A-B3F0-4107-A42D-17D0F9359E27}.Release|Any CPU.Build.0 = Release|Any CPU
	EndGlobalSection
EndGlobal
